<?xml version="1.0" encoding="utf-8"?>
<Project ToolsVersion="4.0" xmlns="http://schemas.microsoft.com/developer/msbuild/2003">
  <ItemGroup>
    <Filter Include="src">
      <UniqueIdentifier>{05a585ee-558b-4c0a-8138-14d8b1c7dc10}</UniqueIdentifier>
    </Filter>
    <Filter Include="src\cqp">
      <UniqueIdentifier>{438eb2db-3ab9-4e68-9ded-a9c81b9644f7}</UniqueIdentifier>
    </Filter>
    <Filter Include="src\conf">
      <UniqueIdentifier>{8e37c943-54f7-4836-a366-8997db42ebb5}</UniqueIdentifier>
    </Filter>
    <Filter Include="src\utils">
      <UniqueIdentifier>{99622cd1-6725-4225-be7b-6dc88e8dbc11}</UniqueIdentifier>
    </Filter>
    <Filter Include="src\message">
      <UniqueIdentifier>{007d98a8-4e42-452c-b9d3-cbe0ec3f157e}</UniqueIdentifier>
    </Filter>
    <Filter Include="src\event">
      <UniqueIdentifier>{54a79ccc-b4dd-4fb8-a618-5497dc9513c4}</UniqueIdentifier>
    </Filter>
    <Filter Include="src\web_server">
      <UniqueIdentifier>{2903b17e-34c2-448f-8b71-32dcf9583e3e}</UniqueIdentifier>
    </Filter>
    <Filter Include="src\api">
      <UniqueIdentifier>{d107b753-1225-4f23-9b00-2a1e7cfa7679}</UniqueIdentifier>
    </Filter>
    <Filter Include="src\ctpl">
      <UniqueIdentifier>{3352b376-ce61-4273-9396-4ae11e988783}</UniqueIdentifier>
    </Filter>
    <Filter Include="src\service">
      <UniqueIdentifier>{e6b7997b-751a-4723-9446-40ee84903df8}</UniqueIdentifier>
    </Filter>
    <Filter Include="src\service\impl">
      <UniqueIdentifier>{98eb6e06-c259-42a2-a8c9-6b9ed5fd54ee}</UniqueIdentifier>
    </Filter>
    <Filter Include="src\tgbot">
      <UniqueIdentifier>{51e37baa-bc6f-4b25-9b89-b000a4ff543e}</UniqueIdentifier>
    </Filter>
    <Filter Include="src\tgbot\net">
      <UniqueIdentifier>{110c069c-1150-4bcd-ad98-b656dda10ed8}</UniqueIdentifier>
    </Filter>
    <Filter Include="src\tgbot\tools">
      <UniqueIdentifier>{26c54738-f899-44b2-8fe0-6a82588f949d}</UniqueIdentifier>
    </Filter>
    <Filter Include="src\tgbot\types">
      <UniqueIdentifier>{214e7775-cb45-4e55-a9b4-60fb255aa54e}</UniqueIdentifier>
    </Filter>
    <Filter Include="src\forward">
      <UniqueIdentifier>{6c4baba0-bf7c-4c11-8b86-e1c84ec6affe}</UniqueIdentifier>
    </Filter>
  </ItemGroup>
  <ItemGroup>
    <ClCompile Include="src\conf\loader.cpp">
      <Filter>src\conf</Filter>
    </ClCompile>
    <ClCompile Include="src\helpers.cpp">
      <Filter>src</Filter>
    </ClCompile>
    <ClCompile Include="src\utils\base64.cpp">
      <Filter>src\utils</Filter>
    </ClCompile>
    <ClCompile Include="src\message\segment_class.cpp">
      <Filter>src\message</Filter>
    </ClCompile>
    <ClCompile Include="src\message\message_class.cpp">
      <Filter>src\message</Filter>
    </ClCompile>
    <ClCompile Include="src\event\entry.cpp">
      <Filter>src\event</Filter>
    </ClCompile>
    <ClCompile Include="src\dllentry.cpp">
      <Filter>src</Filter>
    </ClCompile>
    <ClCompile Include="src\event\events.cpp">
      <Filter>src\event</Filter>
    </ClCompile>
    <ClCompile Include="src\utils\pack_class.cpp">
      <Filter>src\utils</Filter>
    </ClCompile>
    <ClCompile Include="src\appentry.cpp">
      <Filter>src</Filter>
    </ClCompile>
    <ClCompile Include="src\globals.cpp">
      <Filter>src</Filter>
    </ClCompile>
    <ClCompile Include="src\cqp\sdk.cpp">
      <Filter>src\cqp</Filter>
    </ClCompile>
    <ClCompile Include="src\utils\params_class.cpp">
      <Filter>src\utils</Filter>
    </ClCompile>
    <ClCompile Include="src\menuentry.cpp">
      <Filter>src</Filter>
    </ClCompile>
    <ClCompile Include="src\application_class.cpp">
      <Filter>src</Filter>
    </ClCompile>
    <ClCompile Include="src\cqp\directories_class.cpp">
      <Filter>src\cqp</Filter>
    </ClCompile>
    <ClCompile Include="src\update.cpp">
      <Filter>src</Filter>
    </ClCompile>
    <ClCompile Include="src\api\handlers.cpp">
      <Filter>src\api</Filter>
    </ClCompile>
    <ClCompile Include="src\service\impl\http_service_class.cpp">
      <Filter>src\service\impl</Filter>
    </ClCompile>
    <ClCompile Include="src\service\hub_class.cpp">
      <Filter>src\service</Filter>
    </ClCompile>
    <ClCompile Include="src\service\impl\ws_service_class.cpp">
      <Filter>src\service\impl</Filter>
    </ClCompile>
    <ClCompile Include="src\service\impl\ws_reverse_service_class.cpp">
      <Filter>src\service\impl</Filter>
    </ClCompile>
    <ClCompile Include="src\api\api.cpp">
      <Filter>src\api</Filter>
    </ClCompile>
    <ClCompile Include="src\utils\encoding.cpp">
      <Filter>src\utils</Filter>
    </ClCompile>
    <ClCompile Include="src\utils\curl_wrapper.cpp">
      <Filter>src\utils</Filter>
    </ClCompile>
    <ClCompile Include="src\utils\http_utils.cpp">
      <Filter>src\utils</Filter>
    </ClCompile>
    <ClCompile Include="src\event\filter.cpp">
      <Filter>src\event</Filter>
    </ClCompile>
    <ClCompile Include="src\tgbot\EventHandler.cpp">
      <Filter>src\tgbot</Filter>
    </ClCompile>
    <ClCompile Include="src\tgbot\TgException.cpp">
      <Filter>src\tgbot</Filter>
    </ClCompile>
    <ClCompile Include="src\tgbot\TgTypeParser.cpp">
      <Filter>src\tgbot</Filter>
    </ClCompile>
    <ClCompile Include="src\tgbot\net\HttpClient.cpp">
      <Filter>src\tgbot\net</Filter>
    </ClCompile>
    <ClCompile Include="src\tgbot\net\HttpParser.cpp">
      <Filter>src\tgbot\net</Filter>
    </ClCompile>
    <ClCompile Include="src\tgbot\net\TgLongPoll.cpp">
      <Filter>src\tgbot\net</Filter>
    </ClCompile>
    <ClCompile Include="src\tgbot\net\Url.cpp">
      <Filter>src\tgbot\net</Filter>
    </ClCompile>
    <ClCompile Include="src\tgbot\types\InlineQueryResult.cpp">
      <Filter>src\tgbot\types</Filter>
    </ClCompile>
    <ClCompile Include="src\tgbot\types\InputFile.cpp">
      <Filter>src\tgbot\types</Filter>
    </ClCompile>
    <ClCompile Include="src\tgbot\tools\FileTools.cpp">
      <Filter>src\tgbot\tools</Filter>
    </ClCompile>
    <ClCompile Include="src\tgbot\tools\StringTools.cpp">
      <Filter>src\tgbot\tools</Filter>
    </ClCompile>
    <ClCompile Include="src\tgbot\TgApi.cpp">
      <Filter>src\tgbot</Filter>
    </ClCompile>
    <ClCompile Include="src\tgbot\tgsdk.cpp">
      <Filter>src\tgbot</Filter>
    </ClCompile>
    <ClCompile Include="src\forward\traffic_center.cpp">
      <Filter>src\forward</Filter>
    </ClCompile>
    <ClCompile Include="src\forward\unified_message.cpp">
      <Filter>src\forward</Filter>
    </ClCompile>
    <ClCompile Include="src\forward\pre_handler.cpp">
      <Filter>src\forward</Filter>
    </ClCompile>
  </ItemGroup>
  <ItemGroup>
    <ClInclude Include="src\cqp\def.h">
      <Filter>src\cqp</Filter>
    </ClInclude>
    <ClInclude Include="src\common.h">
      <Filter>src</Filter>
    </ClInclude>
    <ClInclude Include="src\app.h">
      <Filter>src</Filter>
    </ClInclude>
    <ClInclude Include="src\helpers.h">
      <Filter>src</Filter>
    </ClInclude>
    <ClInclude Include="src\log_class.h">
      <Filter>src</Filter>
    </ClInclude>
    <ClInclude Include="src\conf\loader.h">
      <Filter>src\conf</Filter>
    </ClInclude>
    <ClInclude Include="src\utils\base64.h">
      <Filter>src\utils</Filter>
    </ClInclude>
    <ClInclude Include="src\utils\encoding.h">
      <Filter>src\utils</Filter>
    </ClInclude>
    <ClInclude Include="src\message\message_class.h">
      <Filter>src\message</Filter>
    </ClInclude>
    <ClInclude Include="src\event\events.h">
      <Filter>src\event</Filter>
    </ClInclude>
    <ClInclude Include="src\utils\pack_class.h">
      <Filter>src\utils</Filter>
    </ClInclude>
    <ClInclude Include="src\structs.h">
      <Filter>src</Filter>
    </ClInclude>
    <ClInclude Include="src\conf\config_struct.h">
      <Filter>src\conf</Filter>
    </ClInclude>
    <ClInclude Include="src\api\types.h">
      <Filter>src\api</Filter>
    </ClInclude>
    <ClInclude Include="src\ctpl\ctpl_stl.h">
      <Filter>src\ctpl</Filter>
    </ClInclude>
    <ClInclude Include="src\cqp\funcs.h">
      <Filter>src\cqp</Filter>
    </ClInclude>
    <ClInclude Include="src\cqp\sdk.h">
      <Filter>src\cqp</Filter>
    </ClInclude>
    <ClInclude Include="src\cqp\sdk_class.h">
      <Filter>src\cqp</Filter>
    </ClInclude>
    <ClInclude Include="src\utils\params_class.h">
      <Filter>src\utils</Filter>
    </ClInclude>
    <ClInclude Include="src\application_class.h">
      <Filter>src</Filter>
    </ClInclude>
    <ClInclude Include="src\update.h">
      <Filter>src</Filter>
    </ClInclude>
    <ClInclude Include="src\web_server\server_https.hpp">
      <Filter>src\web_server</Filter>
    </ClInclude>
    <ClInclude Include="src\web_server\server_ws.hpp">
      <Filter>src\web_server</Filter>
    </ClInclude>
    <ClInclude Include="src\web_server\server_wss.hpp">
      <Filter>src\web_server</Filter>
    </ClInclude>
    <ClInclude Include="src\web_server\status_code.hpp">
      <Filter>src\web_server</Filter>
    </ClInclude>
    <ClInclude Include="src\web_server\utility.hpp">
      <Filter>src\web_server</Filter>
    </ClInclude>
    <ClInclude Include="src\web_server\crypto.hpp">
      <Filter>src\web_server</Filter>
    </ClInclude>
    <ClInclude Include="src\web_server\server_http.hpp">
      <Filter>src\web_server</Filter>
    </ClInclude>
    <ClInclude Include="src\web_server\client_ws.hpp">
      <Filter>src\web_server</Filter>
    </ClInclude>
    <ClInclude Include="src\web_server\client_wss.hpp">
      <Filter>src\web_server</Filter>
    </ClInclude>
    <ClInclude Include="src\service\service_base_class.h">
      <Filter>src\service</Filter>
    </ClInclude>
    <ClInclude Include="src\service\impl\http_service_class.h">
      <Filter>src\service\impl</Filter>
    </ClInclude>
    <ClInclude Include="src\service\impl\service_impl_common.h">
      <Filter>src\service\impl</Filter>
    </ClInclude>
    <ClInclude Include="src\service\hub_class.h">
      <Filter>src\service</Filter>
    </ClInclude>
    <ClInclude Include="src\service\impl\ws_service_class.h">
      <Filter>src\service\impl</Filter>
    </ClInclude>
    <ClInclude Include="src\service\pushable_interface.h">
      <Filter>src\service</Filter>
    </ClInclude>
    <ClInclude Include="src\service\impl\ws_reverse_service_class.h">
      <Filter>src\service\impl</Filter>
    </ClInclude>
    <ClInclude Include="src\api\api.h">
      <Filter>src\api</Filter>
    </ClInclude>
    <ClInclude Include="src\utils\curl_wrapper.h">
      <Filter>src\utils</Filter>
    </ClInclude>
    <ClInclude Include="src\utils\http_utils.h">
      <Filter>src\utils</Filter>
    </ClInclude>
    <ClInclude Include="src\emoji_data.h">
      <Filter>src</Filter>
    </ClInclude>
    <ClInclude Include="src\event\filter.h">
      <Filter>src\event</Filter>
    </ClInclude>
    <ClInclude Include="src\tgbot\Bot.h">
      <Filter>src\tgbot</Filter>
    </ClInclude>
    <ClInclude Include="src\tgbot\EventBroadcaster.h">
      <Filter>src\tgbot</Filter>
    </ClInclude>
    <ClInclude Include="src\tgbot\EventHandler.h">
      <Filter>src\tgbot</Filter>
    </ClInclude>
    <ClInclude Include="src\tgbot\tgbot.h">
      <Filter>src\tgbot</Filter>
    </ClInclude>
    <ClInclude Include="src\tgbot\TgException.h">
      <Filter>src\tgbot</Filter>
    </ClInclude>
    <ClInclude Include="src\tgbot\TgTypeParser.h">
      <Filter>src\tgbot</Filter>
    </ClInclude>
    <ClInclude Include="src\tgbot\net\HttpClient.h">
      <Filter>src\tgbot\net</Filter>
    </ClInclude>
    <ClInclude Include="src\tgbot\net\HttpParser.h">
      <Filter>src\tgbot\net</Filter>
    </ClInclude>
    <ClInclude Include="src\tgbot\net\HttpReqArg.h">
      <Filter>src\tgbot\net</Filter>
    </ClInclude>
    <ClInclude Include="src\tgbot\net\HttpServer.h">
      <Filter>src\tgbot\net</Filter>
    </ClInclude>
    <ClInclude Include="src\tgbot\net\TgLongPoll.h">
      <Filter>src\tgbot\net</Filter>
    </ClInclude>
    <ClInclude Include="src\tgbot\net\TgWebhookLocalServer.h">
      <Filter>src\tgbot\net</Filter>
    </ClInclude>
    <ClInclude Include="src\tgbot\net\TgWebhookServer.h">
      <Filter>src\tgbot\net</Filter>
    </ClInclude>
    <ClInclude Include="src\tgbot\net\TgWebhookTcpServer.h">
      <Filter>src\tgbot\net</Filter>
    </ClInclude>
    <ClInclude Include="src\tgbot\net\Url.h">
      <Filter>src\tgbot\net</Filter>
    </ClInclude>
    <ClInclude Include="src\tgbot\types\Audio.h">
      <Filter>src\tgbot\types</Filter>
    </ClInclude>
    <ClInclude Include="src\tgbot\types\CallbackQuery.h">
      <Filter>src\tgbot\types</Filter>
    </ClInclude>
    <ClInclude Include="src\tgbot\types\Chat.h">
      <Filter>src\tgbot\types</Filter>
    </ClInclude>
    <ClInclude Include="src\tgbot\types\ChatMember.h">
      <Filter>src\tgbot\types</Filter>
    </ClInclude>
    <ClInclude Include="src\tgbot\types\ChosenInlineResult.h">
      <Filter>src\tgbot\types</Filter>
    </ClInclude>
    <ClInclude Include="src\tgbot\types\Contact.h">
      <Filter>src\tgbot\types</Filter>
    </ClInclude>
    <ClInclude Include="src\tgbot\types\Document.h">
      <Filter>src\tgbot\types</Filter>
    </ClInclude>
    <ClInclude Include="src\tgbot\types\File.h">
      <Filter>src\tgbot\types</Filter>
    </ClInclude>
    <ClInclude Include="src\tgbot\types\ForceReply.h">
      <Filter>src\tgbot\types</Filter>
    </ClInclude>
    <ClInclude Include="src\tgbot\types\GenericReply.h">
      <Filter>src\tgbot\types</Filter>
    </ClInclude>
    <ClInclude Include="src\tgbot\types\InlineKeyboardButton.h">
      <Filter>src\tgbot\types</Filter>
    </ClInclude>
    <ClInclude Include="src\tgbot\types\InlineKeyboardMarkup.h">
      <Filter>src\tgbot\types</Filter>
    </ClInclude>
    <ClInclude Include="src\tgbot\types\InlineQuery.h">
      <Filter>src\tgbot\types</Filter>
    </ClInclude>
    <ClInclude Include="src\tgbot\types\InlineQueryResult.h">
      <Filter>src\tgbot\types</Filter>
    </ClInclude>
    <ClInclude Include="src\tgbot\types\InlineQueryResultArticle.h">
      <Filter>src\tgbot\types</Filter>
    </ClInclude>
    <ClInclude Include="src\tgbot\types\InlineQueryResultAudio.h">
      <Filter>src\tgbot\types</Filter>
    </ClInclude>
    <ClInclude Include="src\tgbot\types\InlineQueryResultCachedAudio.h">
      <Filter>src\tgbot\types</Filter>
    </ClInclude>
    <ClInclude Include="src\tgbot\types\InlineQueryResultCachedDocument.h">
      <Filter>src\tgbot\types</Filter>
    </ClInclude>
    <ClInclude Include="src\tgbot\types\InlineQueryResultCachedGif.h">
      <Filter>src\tgbot\types</Filter>
    </ClInclude>
    <ClInclude Include="src\tgbot\types\InlineQueryResultCachedMpeg4Gif.h">
      <Filter>src\tgbot\types</Filter>
    </ClInclude>
    <ClInclude Include="src\tgbot\types\InlineQueryResultCachedPhoto.h">
      <Filter>src\tgbot\types</Filter>
    </ClInclude>
    <ClInclude Include="src\tgbot\types\InlineQueryResultCachedSticker.h">
      <Filter>src\tgbot\types</Filter>
    </ClInclude>
    <ClInclude Include="src\tgbot\types\InlineQueryResultCachedVideo.h">
      <Filter>src\tgbot\types</Filter>
    </ClInclude>
    <ClInclude Include="src\tgbot\types\InlineQueryResultCachedVoice.h">
      <Filter>src\tgbot\types</Filter>
    </ClInclude>
    <ClInclude Include="src\tgbot\types\InlineQueryResultContact.h">
      <Filter>src\tgbot\types</Filter>
    </ClInclude>
    <ClInclude Include="src\tgbot\types\InlineQueryResultDocument.h">
      <Filter>src\tgbot\types</Filter>
    </ClInclude>
    <ClInclude Include="src\tgbot\types\InlineQueryResultGame.h">
      <Filter>src\tgbot\types</Filter>
    </ClInclude>
    <ClInclude Include="src\tgbot\types\InlineQueryResultGif.h">
      <Filter>src\tgbot\types</Filter>
    </ClInclude>
    <ClInclude Include="src\tgbot\types\InlineQueryResultLocation.h">
      <Filter>src\tgbot\types</Filter>
    </ClInclude>
    <ClInclude Include="src\tgbot\types\InlineQueryResultMpeg4Gif.h">
      <Filter>src\tgbot\types</Filter>
    </ClInclude>
    <ClInclude Include="src\tgbot\types\InlineQueryResultPhoto.h">
      <Filter>src\tgbot\types</Filter>
    </ClInclude>
    <ClInclude Include="src\tgbot\types\InlineQueryResultVenue.h">
      <Filter>src\tgbot\types</Filter>
    </ClInclude>
    <ClInclude Include="src\tgbot\types\InlineQueryResultVideo.h">
      <Filter>src\tgbot\types</Filter>
    </ClInclude>
    <ClInclude Include="src\tgbot\types\InlineQueryResultVoice.h">
      <Filter>src\tgbot\types</Filter>
    </ClInclude>
    <ClInclude Include="src\tgbot\types\InputContactMessageContent.h">
      <Filter>src\tgbot\types</Filter>
    </ClInclude>
    <ClInclude Include="src\tgbot\types\InputFile.h">
      <Filter>src\tgbot\types</Filter>
    </ClInclude>
    <ClInclude Include="src\tgbot\types\InputLocationMessageContent.h">
      <Filter>src\tgbot\types</Filter>
    </ClInclude>
    <ClInclude Include="src\tgbot\types\InputMessageContent.h">
      <Filter>src\tgbot\types</Filter>
    </ClInclude>
    <ClInclude Include="src\tgbot\types\InputTextMessageContent.h">
      <Filter>src\tgbot\types</Filter>
    </ClInclude>
    <ClInclude Include="src\tgbot\types\InputVenueMessageContent.h">
      <Filter>src\tgbot\types</Filter>
    </ClInclude>
    <ClInclude Include="src\tgbot\types\KeyboardButton.h">
      <Filter>src\tgbot\types</Filter>
    </ClInclude>
    <ClInclude Include="src\tgbot\types\Location.h">
      <Filter>src\tgbot\types</Filter>
    </ClInclude>
    <ClInclude Include="src\tgbot\types\Message.h">
      <Filter>src\tgbot\types</Filter>
    </ClInclude>
    <ClInclude Include="src\tgbot\types\MessageEntity.h">
      <Filter>src\tgbot\types</Filter>
    </ClInclude>
    <ClInclude Include="src\tgbot\types\PhotoSize.h">
      <Filter>src\tgbot\types</Filter>
    </ClInclude>
    <ClInclude Include="src\tgbot\types\ReplyKeyboardMarkup.h">
      <Filter>src\tgbot\types</Filter>
    </ClInclude>
    <ClInclude Include="src\tgbot\types\ReplyKeyboardRemove.h">
      <Filter>src\tgbot\types</Filter>
    </ClInclude>
    <ClInclude Include="src\tgbot\types\ResponseParameters.h">
      <Filter>src\tgbot\types</Filter>
    </ClInclude>
    <ClInclude Include="src\tgbot\types\Sticker.h">
      <Filter>src\tgbot\types</Filter>
    </ClInclude>
    <ClInclude Include="src\tgbot\types\Update.h">
      <Filter>src\tgbot\types</Filter>
    </ClInclude>
    <ClInclude Include="src\tgbot\types\User.h">
      <Filter>src\tgbot\types</Filter>
    </ClInclude>
    <ClInclude Include="src\tgbot\types\UserProfilePhotos.h">
      <Filter>src\tgbot\types</Filter>
    </ClInclude>
    <ClInclude Include="src\tgbot\types\Venue.h">
      <Filter>src\tgbot\types</Filter>
    </ClInclude>
    <ClInclude Include="src\tgbot\types\Video.h">
      <Filter>src\tgbot\types</Filter>
    </ClInclude>
    <ClInclude Include="src\tgbot\types\Voice.h">
      <Filter>src\tgbot\types</Filter>
    </ClInclude>
    <ClInclude Include="src\tgbot\types\WebhookInfo.h">
      <Filter>src\tgbot\types</Filter>
    </ClInclude>
    <ClInclude Include="src\tgbot\tools\FileTools.h">
      <Filter>src\tgbot\tools</Filter>
    </ClInclude>
    <ClInclude Include="src\tgbot\tools\StringTools.h">
      <Filter>src\tgbot\tools</Filter>
    </ClInclude>
    <ClInclude Include="src\tgbot\TgApi.h">
      <Filter>src\tgbot</Filter>
    </ClInclude>
    <ClInclude Include="src\tgbot\tgsdk.h">
      <Filter>src\tgbot</Filter>
    </ClInclude>
    <ClInclude Include="src\forward\traffic_center.h">
      <Filter>src\forward</Filter>
    </ClInclude>
    <ClInclude Include="src\forward\unified_message.h">
      <Filter>src\forward</Filter>
    </ClInclude>
    <ClInclude Include="src\forward\pre_handler.h">
      <Filter>src\forward</Filter>
    </ClInclude>
  </ItemGroup>
  <ItemGroup>
    <None Include="post_build.bat" />
    <None Include="top.jogle.ctbx.json" />
  </ItemGroup>
</Project>